<?xml version="1.0" encoding="utf-8"?>
<Project ToolsVersion="4.0" xmlns="http://schemas.microsoft.com/developer/msbuild/2003">
  <ItemGroup>
    <Filter Include="Archivos de origen">
      <UniqueIdentifier>{4FC737F1-C7A5-4376-A066-2A32D752A2FF}</UniqueIdentifier>
      <Extensions>cpp;c;cc;cxx;c++;cppm;ixx;def;odl;idl;hpj;bat;asm;asmx</Extensions>
    </Filter>
    <Filter Include="Archivos de encabezado">
      <UniqueIdentifier>{93995380-89BD-4b04-88EB-625FBE52EBFB}</UniqueIdentifier>
      <Extensions>h;hh;hpp;hxx;h++;hm;inl;inc;ipp;xsd</Extensions>
    </Filter>
    <Filter Include="Archivos de recursos">
      <UniqueIdentifier>{67DA6AB6-F800-4c08-8B7A-83BB121AAD01}</UniqueIdentifier>
      <Extensions>rc;ico;cur;bmp;dlg;rc2;rct;bin;rgs;gif;jpg;jpeg;jpe;resx;tiff;tif;png;wav;mfcribbon-ms</Extensions>
    </Filter>
    <Filter Include="Archivos de encabezado\ProgrammingPatterns">
      <UniqueIdentifier>{5f3b15c4-f5e5-48b7-be06-98b23ff2ee00}</UniqueIdentifier>
    </Filter>
    <Filter Include="Archivos de encabezado\ProgrammingPatterns\AbstractFactory">
      <UniqueIdentifier>{c5c237dd-74e7-41bf-a91e-b1fb735f7ce8}</UniqueIdentifier>
    </Filter>
    <Filter Include="Archivos de origen\ProgrammingPatterns">
      <UniqueIdentifier>{745c699e-6195-4c85-a36e-4e0bb0b5750a}</UniqueIdentifier>
    </Filter>
    <Filter Include="Archivos de encabezado\ProgrammingPatterns\Builder">
      <UniqueIdentifier>{90dc0834-9ec7-48d8-afcd-d69a89d51b46}</UniqueIdentifier>
    </Filter>
    <Filter Include="Archivos de encabezado\ProgrammingPatterns\Prototype">
      <UniqueIdentifier>{342e0b2f-9a08-469a-b510-9890eedab7c3}</UniqueIdentifier>
    </Filter>
    <Filter Include="Archivos de encabezado\ProgrammingPatterns\Adapter">
      <UniqueIdentifier>{a0150a0d-918e-47c5-8b0d-4ef8da4eee10}</UniqueIdentifier>
    </Filter>
    <Filter Include="Archivos de encabezado\ProgrammingPatterns\Decorator">
      <UniqueIdentifier>{2317364a-3e85-49a7-b137-6d07b76c475a}</UniqueIdentifier>
    </Filter>
    <Filter Include="Archivos de encabezado\ProgrammingPatterns\Composite">
      <UniqueIdentifier>{b85b0e94-d371-4be8-aee1-fdf011fbabe1}</UniqueIdentifier>
    </Filter>
  </ItemGroup>
  <ItemGroup>
    <ClCompile Include="source\main_3.cpp">
      <Filter>Archivos de origen</Filter>
    </ClCompile>
    <ClCompile Include="source\ProgrammingPatterns\ProductoA1.cpp">
      <Filter>Archivos de origen\ProgrammingPatterns</Filter>
    </ClCompile>
    <ClCompile Include="source\ProgrammingPatterns\ProductoB1.cpp">
      <Filter>Archivos de origen\ProgrammingPatterns</Filter>
    </ClCompile>
    <ClCompile Include="source\ProgrammingPatterns\Mueble.cpp">
      <Filter>Archivos de origen\ProgrammingPatterns</Filter>
    </ClCompile>
    <ClCompile Include="source\ProgrammingPatterns\FactoriaMuebles.cpp">
      <Filter>Archivos de origen\ProgrammingPatterns</Filter>
    </ClCompile>
    <ClCompile Include="source\ProgrammingPatterns\BuilderConcreto.cpp">
      <Filter>Archivos de origen\ProgrammingPatterns</Filter>
    </ClCompile>
  </ItemGroup>
  <ItemGroup>
    <ClInclude Include="include\Prerequisites.h">
      <Filter>Archivos de encabezado</Filter>
    </ClInclude>
    <ClInclude Include="include\item.h">
      <Filter>Archivos de encabezado</Filter>
    </ClInclude>
    <ClInclude Include="include\inventory.h">
      <Filter>Archivos de encabezado</Filter>
    </ClInclude>
    <ClInclude Include="include\rectangle.h">
      <Filter>Archivos de encabezado</Filter>
    </ClInclude>
    <ClInclude Include="include\Circulo.h">
      <Filter>Archivos de encabezado</Filter>
    </ClInclude>
    <ClInclude Include="include\Estudiante.h">
      <Filter>Archivos de encabezado</Filter>
    </ClInclude>
    <ClInclude Include="include\CuentaBancaria.h">
      <Filter>Archivos de encabezado</Filter>
    </ClInclude>
    <ClInclude Include="include\Banco.h">
      <Filter>Archivos de encabezado</Filter>
    </ClInclude>
    <ClInclude Include="include\UsuarioBancario.h">
      <Filter>Archivos de encabezado</Filter>
    </ClInclude>
    <ClInclude Include="include\Producto.h">
      <Filter>Archivos de encabezado</Filter>
    </ClInclude>
    <ClInclude Include="include\ProgrammingPatterns\MiSingleton.h">
      <Filter>Archivos de encabezado\ProgrammingPatterns</Filter>
    </ClInclude>
    <ClInclude Include="include\ProgrammingPatterns\RegistroActividad.h">
      <Filter>Archivos de encabezado\ProgrammingPatterns</Filter>
    </ClInclude>
    <ClInclude Include="include\ProgrammingPatterns\FactoryMethod.h">
      <Filter>Archivos de encabezado\ProgrammingPatterns</Filter>
    </ClInclude>
    <ClInclude Include="include\ProgrammingPatterns\Vehiculo.h">
      <Filter>Archivos de encabezado\ProgrammingPatterns</Filter>
    </ClInclude>
    <ClInclude Include="include\ProgrammingPatterns\AbstractFactory\ProductoA.h">
      <Filter>Archivos de encabezado\ProgrammingPatterns\AbstractFactory</Filter>
    </ClInclude>
    <ClInclude Include="include\ProgrammingPatterns\AbstractFactory\ProductoB.h">
      <Filter>Archivos de encabezado\ProgrammingPatterns\AbstractFactory</Filter>
    </ClInclude>
    <ClInclude Include="include\ProgrammingPatterns\AbstractFactory\FabricaAbstracta.h">
      <Filter>Archivos de encabezado\ProgrammingPatterns\AbstractFactory</Filter>
    </ClInclude>
    <ClInclude Include="include\ProgrammingPatterns\AbstractFactory\ProductoA1.h">
      <Filter>Archivos de encabezado\ProgrammingPatterns\AbstractFactory</Filter>
    </ClInclude>
    <ClInclude Include="include\ProgrammingPatterns\AbstractFactory\ProductoB1.h">
      <Filter>Archivos de encabezado\ProgrammingPatterns\AbstractFactory</Filter>
    </ClInclude>
    <ClInclude Include="include\ProgrammingPatterns\AbstractFactory\FabricaConcreta.h">
      <Filter>Archivos de encabezado\ProgrammingPatterns\AbstractFactory</Filter>
    </ClInclude>
    <ClInclude Include="include\ProgrammingPatterns\AbstractFactory\Mueble.h">
      <Filter>Archivos de encabezado\ProgrammingPatterns\AbstractFactory</Filter>
    </ClInclude>
    <ClInclude Include="include\ProgrammingPatterns\AbstractFactory\FactoriaMuebles.h">
      <Filter>Archivos de encabezado\ProgrammingPatterns\AbstractFactory</Filter>
    </ClInclude>
    <ClInclude Include="include\ProgrammingPatterns\Builder\Producto.h">
      <Filter>Archivos de encabezado\ProgrammingPatterns\Builder</Filter>
    </ClInclude>
    <ClInclude Include="include\ProgrammingPatterns\Builder\Builder.h">
      <Filter>Archivos de encabezado\ProgrammingPatterns\Builder</Filter>
    </ClInclude>
    <ClInclude Include="include\ProgrammingPatterns\Builder\BuilderConcreto.h">
      <Filter>Archivos de encabezado\ProgrammingPatterns\Builder</Filter>
    </ClInclude>
    <ClInclude Include="include\ProgrammingPatterns\Builder\Director.h">
      <Filter>Archivos de encabezado\ProgrammingPatterns\Builder</Filter>
    </ClInclude>
    <ClInclude Include="include\ProgrammingPatterns\Builder\Pizza.h">
      <Filter>Archivos de encabezado\ProgrammingPatterns\Builder</Filter>
    </ClInclude>
    <ClInclude Include="include\ProgrammingPatterns\Builder\ConstructorPizza.h">
      <Filter>Archivos de encabezado\ProgrammingPatterns\Builder</Filter>
    </ClInclude>
    <ClInclude Include="include\ProgrammingPatterns\Builder\BuilderPizzaHawaiiana.h">
      <Filter>Archivos de encabezado\ProgrammingPatterns\Builder</Filter>
    </ClInclude>
    <ClInclude Include="include\ProgrammingPatterns\Prototype\Prototype.h">
      <Filter>Archivos de encabezado\ProgrammingPatterns\Prototype</Filter>
    </ClInclude>
    <ClInclude Include="include\ProgrammingPatterns\Prototype\PrototypeConcreto.h">
      <Filter>Archivos de encabezado\ProgrammingPatterns\Prototype</Filter>
    </ClInclude>
    <ClInclude Include="include\ProgrammingPatterns\Adapter\InterfazVieja.h">
      <Filter>Archivos de encabezado\ProgrammingPatterns\Adapter</Filter>
    </ClInclude>
    <ClInclude Include="include\ProgrammingPatterns\Adapter\InterfazNueva.h">
      <Filter>Archivos de encabezado\ProgrammingPatterns\Adapter</Filter>
    </ClInclude>
    <ClInclude Include="include\ProgrammingPatterns\Adapter\Adaptador.h">
      <Filter>Archivos de encabezado\ProgrammingPatterns\Adapter</Filter>
    </ClInclude>
    <ClInclude Include="include\ProgrammingPatterns\Adapter\Circulo.h">
      <Filter>Archivos de encabezado\ProgrammingPatterns\Adapter</Filter>
    </ClInclude>
    <ClInclude Include="include\ProgrammingPatterns\Adapter\Cuadrado.h">
      <Filter>Archivos de encabezado\ProgrammingPatterns\Adapter</Filter>
    </ClInclude>
    <ClInclude Include="include\ProgrammingPatterns\Adapter\AdaptadorCirculo.h">
      <Filter>Archivos de encabezado\ProgrammingPatterns\Adapter</Filter>
    </ClInclude>
    <ClInclude Include="include\ProgrammingPatterns\Adapter\Dibujable.h">
      <Filter>Archivos de encabezado\ProgrammingPatterns\Adapter</Filter>
    </ClInclude>
    <ClInclude Include="include\ProgrammingPatterns\Adapter\AdaptadorCuadrado.h">
      <Filter>Archivos de encabezado\ProgrammingPatterns\Adapter</Filter>
    </ClInclude>
    <ClInclude Include="include\ProgrammingPatterns\Decorator\Componente.h">
      <Filter>Archivos de encabezado\ProgrammingPatterns\Decorator</Filter>
    </ClInclude>
    <ClInclude Include="include\ProgrammingPatterns\Decorator\ComponenteConcreto.h">
      <Filter>Archivos de encabezado\ProgrammingPatterns\Decorator</Filter>
    </ClInclude>
    <ClInclude Include="include\ProgrammingPatterns\Decorator\Decorator.h">
      <Filter>Archivos de encabezado\ProgrammingPatterns\Decorator</Filter>
    </ClInclude>
    <ClInclude Include="include\ProgrammingPatterns\Decorator\DecoratorConcretoA.h">
      <Filter>Archivos de encabezado\ProgrammingPatterns\Decorator</Filter>
    </ClInclude>
    <ClInclude Include="include\ProgrammingPatterns\Decorator\DecoratorConcretoB.h">
      <Filter>Archivos de encabezado\ProgrammingPatterns\Decorator</Filter>
    </ClInclude>
    <ClInclude Include="include\ProgrammingPatterns\Decorator\Cafe.h">
      <Filter>Archivos de encabezado\ProgrammingPatterns\Decorator</Filter>
    </ClInclude>
    <ClInclude Include="include\ProgrammingPatterns\Decorator\Cafeteria.h">
      <Filter>Archivos de encabezado\ProgrammingPatterns\Decorator</Filter>
    </ClInclude>
    <ClInclude Include="include\ProgrammingPatterns\Decorator\Condimento.h">
      <Filter>Archivos de encabezado\ProgrammingPatterns\Decorator</Filter>
    </ClInclude>
    <ClInclude Include="include\ProgrammingPatterns\Decorator\Leche.h">
      <Filter>Archivos de encabezado\ProgrammingPatterns\Decorator</Filter>
    </ClInclude>
    <ClInclude Include="include\ProgrammingPatterns\Decorator\Azucar.h">
      <Filter>Archivos de encabezado\ProgrammingPatterns\Decorator</Filter>
    </ClInclude>
    <ClInclude Include="include\ProgrammingPatterns\Composite\Hoja.h">
      <Filter>Archivos de encabezado\ProgrammingPatterns\Composite</Filter>
    </ClInclude>
    <ClInclude Include="include\ProgrammingPatterns\Composite\Composite.h">
      <Filter>Archivos de encabezado\ProgrammingPatterns\Composite</Filter>
    </ClInclude>
    <ClInclude Include="include\ProgrammingPatterns\Composite\Archivo.h">
      <Filter>Archivos de encabezado\ProgrammingPatterns\Composite</Filter>
    </ClInclude>
    <ClInclude Include="include\ProgrammingPatterns\Composite\Carpeta.h">
      <Filter>Archivos de encabezado\ProgrammingPatterns\Composite</Filter>
    </ClInclude>
    <ClInclude Include="include\ProgrammingPatterns\Composite\Sistema.h">
      <Filter>Archivos de encabezado\ProgrammingPatterns\Composite</Filter>
    </ClInclude>
    <ClInclude Include="include\ProgrammingPatterns\Composite\SistemaArchivo.h">
      <Filter>Archivos de encabezado\ProgrammingPatterns\Composite</Filter>
    </ClInclude>
  </ItemGroup>
</Project>